
Microsoft Visual Studio Solution File, Format Version 12.00
# Visual Studio 15
VisualStudioVersion = 15.0.27703.2042
MinimumVisualStudioVersion = 10.0.40219.1
Project("{9092AA53-FB77-4645-B42D-1CCCA6BD08BD}") = "FromExistingCode1", "FromExistingCode1.njsproj", "{6F836312-5C41-4B86-BC49-269E0B44B626}"
EndProject
Global
	GlobalSection(SolutionConfigurationPlatforms) = preSolution
		Debug|Any CPU = Debug|Any CPU
		Release|Any CPU = Release|Any CPU
	EndGlobalSection
	GlobalSection(ProjectConfigurationPlatforms) = postSolution
		{6F836312-5C41-4B86-BC49-269E0B44B626}.Debug|Any CPU.ActiveCfg = Debug|Any CPU
		{6F836312-5C41-4B86-BC49-269E0B44B626}.Debug|Any CPU.Build.0 = Debug|Any CPU
		{6F836312-5C41-4B86-BC49-269E0B44B626}.Release|Any CPU.ActiveCfg = Release|Any CPU
		{6F836312-5C41-4B86-BC49-269E0B44B626}.Release|Any CPU.Build.0 = Release|Any CPU
	EndGlobalSection
	GlobalSection(SolutionProperties) = preSolution
		HideSolutionNode = FALSE
	EndGlobalSection
	GlobalSection(ExtensibilityGlobals) = postSolution
		SolutionGuid = {304347AB-7A2E-4742-8CE6-7DF4B2099520}
	EndGlobalSection
EndGlobal
